
Microsoft Visual Studio Solution File, Format Version 12.00
# Visual Studio 15
VisualStudioVersion = 15.0.28307.757
MinimumVisualStudioVersion = 10.0.40219.1
Project("{FAE04EC0-301F-11D3-BF4B-00C04F79EFBC}") = "RuleEngineSimulator", "RuleEngineSimulator\RuleEngineSimulator.csproj", "{5AAF7377-25E4-4C3C-874B-69A42C8F8273}"
EndProject
Global
	GlobalSection(SolutionConfigurationPlatforms) = preSolution
		Debug|Any CPU = Debug|Any CPU
		Release|Any CPU = Release|Any CPU
	EndGlobalSection
	GlobalSection(ProjectConfigurationPlatforms) = postSolution
		{5AAF7377-25E4-4C3C-874B-69A42C8F8273}.Debug|Any CPU.ActiveCfg = Debug|Any CPU
		{5AAF7377-25E4-4C3C-874B-69A42C8F8273}.Debug|Any CPU.Build.0 = Debug|Any CPU
		{5AAF7377-25E4-4C3C-874B-69A42C8F8273}.Release|Any CPU.ActiveCfg = Release|Any CPU
		{5AAF7377-25E4-4C3C-874B-69A42C8F8273}.Release|Any CPU.Build.0 = Release|Any CPU
	EndGlobalSection
	GlobalSection(SolutionProperties) = preSolution
		HideSolutionNode = FALSE
	EndGlobalSection
	GlobalSection(ExtensibilityGlobals) = postSolution
		SolutionGuid = {96904440-C684-4BC6-AF2E-EFF17F2B59E0}
	EndGlobalSection
EndGlobal
